// !$*UTF8*$!
{
	archiveVersion = 1;
	classes = {
	};
	objectVersion = 46;
	objects = {

/* Begin PBXBuildFile section */
		329FD1FD156C976A0086CC44 /* UIKit.framework in Frameworks */ = {isa = PBXBuildFile; fileRef = 329FD1FC156C976A0086CC44 /* UIKit.framework */; };
		329FD1FF156C976A0086CC44 /* Foundation.framework in Frameworks */ = {isa = PBXBuildFile; fileRef = 329FD1FE156C976A0086CC44 /* Foundation.framework */; };
		329FD201156C976A0086CC44 /* CoreGraphics.framework in Frameworks */ = {isa = PBXBuildFile; fileRef = 329FD200156C976A0086CC44 /* CoreGraphics.framework */; };
		329FD207156C976A0086CC44 /* InfoPlist.strings in Resources */ = {isa = PBXBuildFile; fileRef = 329FD205156C976A0086CC44 /* InfoPlist.strings */; };
		329FD209156C976A0086CC44 /* main.m in Sources */ = {isa = PBXBuildFile; fileRef = 329FD208156C976A0086CC44 /* main.m */; };
		329FD20D156C976A0086CC44 /* AppDelegate.m in Sources */ = {isa = PBXBuildFile; fileRef = 329FD20C156C976A0086CC44 /* AppDelegate.m */; };
		329FD210156C976A0086CC44 /* MainStoryboard.storyboard in Resources */ = {isa = PBXBuildFile; fileRef = 329FD20E156C976A0086CC44 /* MainStoryboard.storyboard */; };
		329FD213156C976A0086CC44 /* ViewController.m in Sources */ = {isa = PBXBuildFile; fileRef = 329FD212156C976A0086CC44 /* ViewController.m */; };
/* End PBXBuildFile section */

/* Begin PBXFileReference section */
		329FD1F8156C976A0086CC44 /* SQL+TableView.app */ = {isa = PBXFileReference; explicitFileType = wrapper.application; includeInIndex = 0; path = "SQL+TableView.app"; sourceTree = BUILT_PRODUCTS_DIR; };
		329FD1FC156C976A0086CC44 /* UIKit.framework */ = {isa = PBXFileReference; lastKnownFileType = wrapper.framework; name = UIKit.framework; path = System/Library/Frameworks/UIKit.framework; sourceTree = SDKROOT; };
		329FD1FE156C976A0086CC44 /* Foundation.framework */ = {isa = PBXFileReference; lastKnownFileType = wrapper.framework; name = Foundation.framework; path = System/Library/Frameworks/Foundation.framework; sourceTree = SDKROOT; };
		329FD200156C976A0086CC44 /* CoreGraphics.framework */ = {isa = PBXFileReference; lastKnownFileType = wrapper.framework; name = CoreGraphics.framework; path = System/Library/Frameworks/CoreGraphics.framework; sourceTree = SDKROOT; };
		329FD204156C976A0086CC44 /* SQL+TableView-Info.plist */ = {isa = PBXFileReference; path = "SQL+TableView-Info.plist"; sourceTree = "<group>"; };
		329FD206156C976A0086CC44 /* en */ = {isa = PBXFileReference; lastKnownFileType = text.plist.strings; name = en; path = en.lproj/InfoPlist.strings; sourceTree = "<group>"; };
		329FD208156C976A0086CC44 /* main.m */ = {isa = PBXFileReference; lastKnownFileType = sourcecode.c.objc; path = main.m; sourceTree = "<group>"; };
		329FD20A156C976A0086CC44 /* SQL+TableView-Prefix.pch */ = {isa = PBXFileReference; path = "SQL+TableView-Prefix.pch"; sourceTree = "<group>"; };
		329FD20B156C976A0086CC44 /* AppDelegate.h */ = {isa = PBXFileReference; path = AppDelegate.h; sourceTree = "<group>"; };
		329FD20C156C976A0086CC44 /* AppDelegate.m */ = {isa = PBXFileReference; lastKnownFileType = sourcecode.c.objc; path = AppDelegate.m; sourceTree = "<group>"; };
		329FD20F156C976A0086CC44 /* en */ = {isa = PBXFileReference; lastKnownFileType = file.storyboard; name = en; path = en.lproj/MainStoryboard.storyboard; sourceTree = "<group>"; };
		329FD211156C976A0086CC44 /* ViewController.h */ = {isa = PBXFileReference; path = ViewController.h; sourceTree = "<group>"; };
		329FD212156C976A0086CC44 /* ViewController.m */ = {isa = PBXFileReference; lastKnownFileType = sourcecode.c.objc; path = ViewController.m; sourceTree = "<group>"; };
/* End PBXFileReference section */

/* Begin PBXFrameworksBuildPhase section */
		329FD1F5156C976A0086CC44 /* Frameworks */ = {
			isa = PBXFrameworksBuildPhase;
			buildActionMask = 2147483647;
			files = (
				329FD1FD156C976A0086CC44 /* UIKit.framework in Frameworks */,
				329FD1FF156C976A0086CC44 /* Foundation.framework in Frameworks */,
				329FD201156C976A0086CC44 /* CoreGraphics.framework in Frameworks */,
			);
			runOnlyForDeploymentPostprocessing = 0;
		};
/* End PBXFrameworksBuildPhase section */

/* Begin PBXGroup section */
		329FD1ED156C976A0086CC44 = {
			isa = PBXGroup;
			children = (
				329FD202156C976A0086CC44 /* SQL+TableView */,
				329FD1FB156C976A0086CC44 /* Frameworks */,
				329FD1F9156C976A0086CC44 /* Products */,
			);
			sourceTree = "<group>";
		};
		329FD1F9156C976A0086CC44 /* Products */ = {
			isa = PBXGroup;
			children = (
				329FD1F8156C976A0086CC44 /* SQL+TableView.app */,
			);
			name = Products;
			sourceTree = "<group>";
		};
		329FD1FB156C976A0086CC44 /* Frameworks */ = {
			isa = PBXGroup;
			children = (
				329FD1FC156C976A0086CC44 /* UIKit.framework */,
				329FD1FE156C976A0086CC44 /* Foundation.framework */,
				329FD200156C976A0086CC44 /* CoreGraphics.framework */,
			);
			name = Frameworks;
			sourceTree = "<group>";
		};
		329FD202156C976A0086CC44 /* SQL+TableView */ = {
			isa = PBXGroup;
			children = (
				329FD20B156C976A0086CC44 /* AppDelegate.h */,
				329FD20C156C976A0086CC44 /* AppDelegate.m */,
				329FD20E156C976A0086CC44 /* MainStoryboard.storyboard */,
				329FD211156C976A0086CC44 /* ViewController.h */,
				329FD212156C976A0086CC44 /* ViewController.m */,
				329FD203156C976A0086CC44 /* Supporting Files */,
			);
			path = "SQL+TableView";
			sourceTree = "<group>";
		};
		329FD203156C976A0086CC44 /* Supporting Files */ = {
			isa = PBXGroup;
			children = (
				329FD204156C976A0086CC44 /* SQL+TableView-Info.plist */,
				329FD205156C976A0086CC44 /* InfoPlist.strings */,
				329FD208156C976A0086CC44 /* main.m */,
				329FD20A156C976A0086CC44 /* SQL+TableView-Prefix.pch */,
			);
			name = "Supporting Files";
			sourceTree = "<group>";
		};
/* End PBXGroup section */

/* Begin PBXNativeTarget section */
		329FD1F7156C976A0086CC44 /* SQL+TableView */ = {
			isa = PBXNativeTarget;
			buildConfigurationList = 329FD216156C976A0086CC44 /* Build configuration list for PBXNativeTarget "SQL+TableView" */;
			buildPhases = (
				329FD1F4156C976A0086CC44 /* Sources */,
				329FD1F5156C976A0086CC44 /* Frameworks */,
				329FD1F6156C976A0086CC44 /* Resources */,
			);
			buildRules = (
			);
			dependencies = (
			);
			name = "SQL+TableView";
			productName = "SQL+TableView";
			productReference = 329FD1F8156C976A0086CC44 /* SQL+TableView.app */;
			productType = "com.apple.product-type.application";
		};
/* End PBXNativeTarget section */

/* Begin PBXProject section */
		329FD1EF156C976A0086CC44 /* Project object */ = {
			isa = PBXProject;
			attributes = {
				LastUpgradeCheck = 0420;
			};
			buildConfigurationList = 329FD1F2156C976A0086CC44 /* Build configuration list for PBXProject "SQL+TableView" */;
			compatibilityVersion = "Xcode 3.2";
			developmentRegion = English;
			hasScannedForEncodings = 0;
			knownRegions = (
				en,
			);
			mainGroup = 329FD1ED156C976A0086CC44;
			productRefGroup = 329FD1F9156C976A0086CC44 /* Products */;
			projectDirPath = "";
			projectRoot = "";
			targets = (
				329FD1F7156C976A0086CC44 /* SQL+TableView */,
			);
		};
/* End PBXProject section */

/* Begin PBXResourcesBuildPhase section */
		329FD1F6156C976A0086CC44 /* Resources */ = {
			isa = PBXResourcesBuildPhase;
			buildActionMask = 2147483647;
			files = (
				329FD207156C976A0086CC44 /* InfoPlist.strings in Resources */,
				329FD210156C976A0086CC44 /* MainStoryboard.storyboard in Resources */,
			);
			runOnlyForDeploymentPostprocessing = 0;
		};
/* End PBXResourcesBuildPhase section */

/* Begin PBXSourcesBuildPhase section */
		329FD1F4156C976A0086CC44 /* Sources */ = {
			isa = PBXSourcesBuildPhase;
			buildActionMask = 2147483647;
			files = (
				329FD209156C976A0086CC44 /* main.m in Sources */,
				329FD20D156C976A0086CC44 /* AppDelegate.m in Sources */,
				329FD213156C976A0086CC44 /* ViewController.m in Sources */,
			);
			runOnlyForDeploymentPostprocessing = 0;
		};
/* End PBXSourcesBuildPhase section */

/* Begin PBXVariantGroup section */
		329FD205156C976A0086CC44 /* InfoPlist.strings */ = {
			isa = PBXVariantGroup;
			children = (
				329FD206156C976A0086CC44 /* en */,
			);
			name = InfoPlist.strings;
			sourceTree = "<group>";
		};
		329FD20E156C976A0086CC44 /* MainStoryboard.storyboard */ = {
			isa = PBXVariantGroup;
			children = (
				329FD20F156C976A0086CC44 /* en */,
			);
			name = MainStoryboard.storyboard;
			sourceTree = "<group>";
		};
/* End PBXVariantGroup section */

/* Begin XCBuildConfiguration section */
		329FD214156C976A0086CC44 /* Debug */ = {
			isa = XCBuildConfiguration;
			buildSettings = {
				ALWAYS_SEARCH_USER_PATHS = NO;
				ARCHS = "$(ARCHS_STANDARD_32_BIT)";
				CLANG_ENABLE_OBJC_ARC = YES;
				"CODE_SIGN_IDENTITY[sdk=iphoneos*]" = "iPhone Developer";
				COPY_PHASE_STRIP = NO;
				GCC_C_LANGUAGE_STANDARD = gnu99;
				GCC_DYNAMIC_NO_PIC = NO;
				GCC_OPTIMIZATION_LEVEL = 0;
				GCC_PREPROCESSOR_DEFINITIONS = (
					"DEBUG=1",
					"$(inherited)",
				);
				GCC_SYMBOLS_PRIVATE_EXTERN = NO;
				GCC_VERSION = com.apple.compilers.llvm.clang.1_0;
				GCC_WARN_ABOUT_MISSING_PROTOTYPES = YES;
				GCC_WARN_ABOUT_RETURN_TYPE = YES;
				GCC_WARN_UNUSED_VARIABLE = YES;
				IPHONEOS_DEPLOYMENT_TARGET = 5.1;
				SDKROOT = iphoneos;
			};
			name = Debug;
		};
		329FD215156C976A0086CC44 /* Release */ = {
			isa = XCBuildConfiguration;
			buildSettings = {
				ALWAYS_SEARCH_USER_PATHS = NO;
				ARCHS = "$(ARCHS_STANDARD_32_BIT)";
				CLANG_ENABLE_OBJC_ARC = YES;
				"CODE_SIGN_IDENTITY[sdk=iphoneos*]" = "iPhone Developer";
				COPY_PHASE_STRIP = YES;
				GCC_C_LANGUAGE_STANDARD = gnu99;
				GCC_VERSION = com.apple.compilers.llvm.clang.1_0;
				GCC_WARN_ABOUT_MISSING_PROTOTYPES = YES;
				GCC_WARN_ABOUT_RETURN_TYPE = YES;
				GCC_WARN_UNUSED_VARIABLE = YES;
				IPHONEOS_DEPLOYMENT_TARGET = 5.1;
				OTHER_CFLAGS = "-DNS_BLOCK_ASSERTIONS=1";
				SDKROOT = iphoneos;
				VALIDATE_PRODUCT = YES;
			};
			name = Release;
		};
		329FD217156C976A0086CC44 /* Debug */ = {
			isa = XCBuildConfiguration;
			buildSettings = {
				GCC_PRECOMPILE_PREFIX_HEADER = YES;
				GCC_PREFIX_HEADER = "SQL+TableView/SQL+TableView-Prefix.pch";
				INFOPLIST_FILE = "SQL+TableView/SQL+TableView-Info.plist";
				PRODUCT_NAME = "$(TARGET_NAME)";
				WRAPPER_EXTENSION = app;
			};
			name = Debug;
		};
		329FD218156C976A0086CC44 /* Release */ = {
			isa = XCBuildConfiguration;
			buildSettings = {
				GCC_PRECOMPILE_PREFIX_HEADER = YES;
				GCC_PREFIX_HEADER = "SQL+TableView/SQL+TableView-Prefix.pch";
				INFOPLIST_FILE = "SQL+TableView/SQL+TableView-Info.plist";
				PRODUCT_NAME = "$(TARGET_NAME)";
				WRAPPER_EXTENSION = app;
			};
			name = Release;
		};
/* End XCBuildConfiguration section */

/* Begin XCConfigurationList section */
		329FD1F2156C976A0086CC44 /* Build configuration list for PBXProject "SQL+TableView" */ = {
			isa = XCConfigurationList;
			buildConfigurations = (
				329FD214156C976A0086CC44 /* Debug */,
				329FD215156C976A0086CC44 /* Release */,
			);
			defaultConfigurationIsVisible = 0;
			defaultConfigurationName = Release;
		};
		329FD216156C976A0086CC44 /* Build configuration list for PBXNativeTarget "SQL+TableView" */ = {
			isa = XCConfigurationList;
			buildConfigurations = (
				329FD217156C976A0086CC44 /* Debug */,
				329FD218156C976A0086CC44 /* Release */,
			);
			defaultConfigurationIsVisible = 0;
		};
/* End XCConfigurationList section */
	};
	rootObject = 329FD1EF156C976A0086CC44 /* Project object */;
}
